
Microsoft Visual Studio Solution File, Format Version 12.00
# Visual Studio 15
VisualStudioVersion = 15.0.26730.15
MinimumVisualStudioVersion = 10.0.40219.1
Project("{8BC9CEB8-8B4A-11D0-8D11-00A0C91BC942}") = "MyPaint", "MyPaint\MyPaint.vcxproj", "{F653A9EF-EB0F-44F4-803D-797B42896640}"
EndProject
Global
	GlobalSection(SolutionConfigurationPlatforms) = preSolution
		Debug|x64 = Debug|x64
		Debug|x86 = Debug|x86
		Release|x64 = Release|x64
		Release|x86 = Release|x86
	EndGlobalSection
	GlobalSection(ProjectConfigurationPlatforms) = postSolution
		{F653A9EF-EB0F-44F4-803D-797B42896640}.Debug|x64.ActiveCfg = Debug|x64
		{F653A9EF-EB0F-44F4-803D-797B42896640}.Debug|x64.Build.0 = Debug|x64
		{F653A9EF-EB0F-44F4-803D-797B42896640}.Debug|x86.ActiveCfg = Debug|Win32
		{F653A9EF-EB0F-44F4-803D-797B42896640}.Debug|x86.Build.0 = Debug|Win32
		{F653A9EF-EB0F-44F4-803D-797B42896640}.Release|x64.ActiveCfg = Release|x64
		{F653A9EF-EB0F-44F4-803D-797B42896640}.Release|x64.Build.0 = Release|x64
		{F653A9EF-EB0F-44F4-803D-797B42896640}.Release|x86.ActiveCfg = Release|Win32
		{F653A9EF-EB0F-44F4-803D-797B42896640}.Release|x86.Build.0 = Release|Win32
	EndGlobalSection
	GlobalSection(SolutionProperties) = preSolution
		HideSolutionNode = FALSE
	EndGlobalSection
	GlobalSection(ExtensibilityGlobals) = postSolution
		SolutionGuid = {E5402FA5-FC88-4149-9695-27C41EBFBFCA}
	EndGlobalSection
EndGlobal
